dependencies:
- name: postgresql
  repository: https://charts.bitnami.com/bitnami
  version: 14.0.0
- name: nsq
  repository: https://nsqio.github.io/helm-chart
  version: 0.0.10
digest: sha256:4d0fb3f3cf75ab63a871a2dee802676d5f2a79054a53e31bc163a1b2def9fa88
generated: "2025-10-17T12:33:49.845479-06:00"
